// !$*UTF8*$!
{
	archiveVersion = 1;
	classes = {
	};
	objectVersion = 55;
	objects = {

/* Begin PBXBuildFile section */
		07F68F5ABFB306247C0230F1 /* Pods_SpotifyApp.framework in Frameworks */ = {isa = PBXBuildFile; fileRef = 8125C4EC889B3972B9A05403 /* Pods_SpotifyApp.framework */; };
		441B08FA6CB9E5EE39C4C5D0 /* Pods_SpotifyApp_SpotifyAppUITests.framework in Frameworks */ = {isa = PBXBuildFile; fileRef = 297525FE6BA9451730BCDA78 /* Pods_SpotifyApp_SpotifyAppUITests.framework */; };
		B2D0197A81BFCC95BA9CF927 /* Pods_SpotifyAppTests.framework in Frameworks */ = {isa = PBXBuildFile; fileRef = 59F416CCA304F1E4BB1783A5 /* Pods_SpotifyAppTests.framework */; };
		F027EFBC27B4F445006E7BCC /* AlbumViewController.swift in Sources */ = {isa = PBXBuildFile; fileRef = F027EFBB27B4F445006E7BCC /* AlbumViewController.swift */; };
		F027EFBE27B4FCD6006E7BCC /* AlbumDetailsResponse.swift in Sources */ = {isa = PBXBuildFile; fileRef = F027EFBD27B4FCD6006E7BCC /* AlbumDetailsResponse.swift */; };
		F027EFC027B503AC006E7BCC /* PlaylistDetailsResponse.swift in Sources */ = {isa = PBXBuildFile; fileRef = F027EFBF27B503AC006E7BCC /* PlaylistDetailsResponse.swift */; };
		F03D0E9627BA4F2100DA77B2 /* AllCategoriesResponse.swift in Sources */ = {isa = PBXBuildFile; fileRef = F03D0E9527BA4F2100DA77B2 /* AllCategoriesResponse.swift */; };
		F03D0E9827BA66A800DA77B2 /* CategoryCollectionViewCellViewModel.swift in Sources */ = {isa = PBXBuildFile; fileRef = F03D0E9727BA66A800DA77B2 /* CategoryCollectionViewCellViewModel.swift */; };
		F03D0E9A27BA6A8B00DA77B2 /* CategoryViewController.swift in Sources */ = {isa = PBXBuildFile; fileRef = F03D0E9927BA6A8B00DA77B2 /* CategoryViewController.swift */; };
		F05194B127B6214100DF1868 /* PlaylistHeaderCollectionReusableView.swift in Sources */ = {isa = PBXBuildFile; fileRef = F05194B027B6214100DF1868 /* PlaylistHeaderCollectionReusableView.swift */; };
		F05194B327B6561500DF1868 /* PlaylistHeaderViewViewModel.swift in Sources */ = {isa = PBXBuildFile; fileRef = F05194B227B6561500DF1868 /* PlaylistHeaderViewViewModel.swift */; };
		F05194B527B66D9700DF1868 /* TitleHeaderCollectionReusableView.swift in Sources */ = {isa = PBXBuildFile; fileRef = F05194B427B66D9700DF1868 /* TitleHeaderCollectionReusableView.swift */; };
		F05194B727B68C3D00DF1868 /* AlbumTrackCollectionViewCell.swift in Sources */ = {isa = PBXBuildFile; fileRef = F05194B627B68C3D00DF1868 /* AlbumTrackCollectionViewCell.swift */; };
		F05194BB27B68F9600DF1868 /* AlbumCollectionViewCellViewModel.swift in Sources */ = {isa = PBXBuildFile; fileRef = F05194BA27B68F9600DF1868 /* AlbumCollectionViewCellViewModel.swift */; };
		F05D8C4127A023B70045750F /* SettingsModels.swift in Sources */ = {isa = PBXBuildFile; fileRef = F05D8C4027A023B70045750F /* SettingsModels.swift */; };
		F05D8C4327A0410F0045750F /* NewReleasesResponse.swift in Sources */ = {isa = PBXBuildFile; fileRef = F05D8C4227A0410F0045750F /* NewReleasesResponse.swift */; };
		F05D8C4527A0425A0045750F /* APIImage.swift in Sources */ = {isa = PBXBuildFile; fileRef = F05D8C4427A0425A0045750F /* APIImage.swift */; };
		F05D8C4727A047350045750F /* FeaturedPlaylistsResponse.swift in Sources */ = {isa = PBXBuildFile; fileRef = F05D8C4627A047350045750F /* FeaturedPlaylistsResponse.swift */; };
		F05D8C4927A04AC20045750F /* RecommendedGenresResponse.swift in Sources */ = {isa = PBXBuildFile; fileRef = F05D8C4827A04AC20045750F /* RecommendedGenresResponse.swift */; };
		F0809E0827BA352A0048554D /* GenreCollectionViewCell.swift in Sources */ = {isa = PBXBuildFile; fileRef = F0809E0727BA352A0048554D /* GenreCollectionViewCell.swift */; };
		F08DA8EB27B38687005C2A23 /* NewReleasesCellViewModel.swift in Sources */ = {isa = PBXBuildFile; fileRef = F08DA8EA27B38687005C2A23 /* NewReleasesCellViewModel.swift */; };
		F08DA8ED27B3CE86005C2A23 /* FeaturedPlaylistCellViewModel.swift in Sources */ = {isa = PBXBuildFile; fileRef = F08DA8EC27B3CE86005C2A23 /* FeaturedPlaylistCellViewModel.swift */; };
		F08DA8EF27B3CF83005C2A23 /* RecommendedTrackCellViewModel.swift in Sources */ = {isa = PBXBuildFile; fileRef = F08DA8EE27B3CF83005C2A23 /* RecommendedTrackCellViewModel.swift */; };
		F0E28F692798FFBC00F6DBEF /* AppDelegate.swift in Sources */ = {isa = PBXBuildFile; fileRef = F0E28F682798FFBC00F6DBEF /* AppDelegate.swift */; };
		F0E28F6B2798FFBC00F6DBEF /* SceneDelegate.swift in Sources */ = {isa = PBXBuildFile; fileRef = F0E28F6A2798FFBC00F6DBEF /* SceneDelegate.swift */; };
		F0E28F6D2798FFBC00F6DBEF /* HomeViewController.swift in Sources */ = {isa = PBXBuildFile; fileRef = F0E28F6C2798FFBC00F6DBEF /* HomeViewController.swift */; };
		F0E28F722798FFBD00F6DBEF /* Assets.xcassets in Resources */ = {isa = PBXBuildFile; fileRef = F0E28F712798FFBD00F6DBEF /* Assets.xcassets */; };
		F0E28F752798FFBD00F6DBEF /* LaunchScreen.storyboard in Resources */ = {isa = PBXBuildFile; fileRef = F0E28F732798FFBD00F6DBEF /* LaunchScreen.storyboard */; };
		F0E28F802798FFBE00F6DBEF /* SpotifyAppTests.swift in Sources */ = {isa = PBXBuildFile; fileRef = F0E28F7F2798FFBE00F6DBEF /* SpotifyAppTests.swift */; };
		F0E28F8A2798FFBE00F6DBEF /* SpotifyAppUITests.swift in Sources */ = {isa = PBXBuildFile; fileRef = F0E28F892798FFBE00F6DBEF /* SpotifyAppUITests.swift */; };
		F0E28F8C2798FFBE00F6DBEF /* SpotifyAppUITestsLaunchTests.swift in Sources */ = {isa = PBXBuildFile; fileRef = F0E28F8B2798FFBE00F6DBEF /* SpotifyAppUITestsLaunchTests.swift */; };
		F0E28F9F27991D1200F6DBEF /* TabBarViewController.swift in Sources */ = {isa = PBXBuildFile; fileRef = F0E28F9E27991D1200F6DBEF /* TabBarViewController.swift */; };
		F0E28FA127991DED00F6DBEF /* SearchViewController.swift in Sources */ = {isa = PBXBuildFile; fileRef = F0E28FA027991DED00F6DBEF /* SearchViewController.swift */; };
		F0E28FA327991E1F00F6DBEF /* LibraryViewController.swift in Sources */ = {isa = PBXBuildFile; fileRef = F0E28FA227991E1F00F6DBEF /* LibraryViewController.swift */; };
		F0E28FA727991E7600F6DBEF /* AuthViewController.swift in Sources */ = {isa = PBXBuildFile; fileRef = F0E28FA627991E7600F6DBEF /* AuthViewController.swift */; };
		F0E28FA927991E9600F6DBEF /* WelcomeViewController.swift in Sources */ = {isa = PBXBuildFile; fileRef = F0E28FA827991E9600F6DBEF /* WelcomeViewController.swift */; };
		F0E28FAB27991EB100F6DBEF /* SettingsViewController.swift in Sources */ = {isa = PBXBuildFile; fileRef = F0E28FAA27991EB100F6DBEF /* SettingsViewController.swift */; };
		F0E28FAD27991EE900F6DBEF /* ProfileViewController.swift in Sources */ = {isa = PBXBuildFile; fileRef = F0E28FAC27991EE900F6DBEF /* ProfileViewController.swift */; };
		F0E28FAF27991EF500F6DBEF /* PlayerViewController.swift in Sources */ = {isa = PBXBuildFile; fileRef = F0E28FAE27991EF500F6DBEF /* PlayerViewController.swift */; };
		F0E28FB127991F0700F6DBEF /* PlaylistViewController.swift in Sources */ = {isa = PBXBuildFile; fileRef = F0E28FB027991F0700F6DBEF /* PlaylistViewController.swift */; };
		F0E28FB327991F2B00F6DBEF /* SearchResultsViewController.swift in Sources */ = {isa = PBXBuildFile; fileRef = F0E28FB227991F2B00F6DBEF /* SearchResultsViewController.swift */; };
		F0E28FB527991F6C00F6DBEF /* AuthManager.swift in Sources */ = {isa = PBXBuildFile; fileRef = F0E28FB427991F6C00F6DBEF /* AuthManager.swift */; };
		F0E28FB727991F8800F6DBEF /* APICaller.swift in Sources */ = {isa = PBXBuildFile; fileRef = F0E28FB627991F8800F6DBEF /* APICaller.swift */; };
		F0E28FB927991FAA00F6DBEF /* HapticsManager.swift in Sources */ = {isa = PBXBuildFile; fileRef = F0E28FB827991FAA00F6DBEF /* HapticsManager.swift */; };
		F0E28FBB27991FD300F6DBEF /* Playlist.swift in Sources */ = {isa = PBXBuildFile; fileRef = F0E28FBA27991FD300F6DBEF /* Playlist.swift */; };
		F0E28FBD27991FEE00F6DBEF /* AudioTrack.swift in Sources */ = {isa = PBXBuildFile; fileRef = F0E28FBC27991FEE00F6DBEF /* AudioTrack.swift */; };
		F0E28FBF2799201F00F6DBEF /* Artist.swift in Sources */ = {isa = PBXBuildFile; fileRef = F0E28FBE2799201F00F6DBEF /* Artist.swift */; };
		F0E28FC12799203800F6DBEF /* UserProfile.swift in Sources */ = {isa = PBXBuildFile; fileRef = F0E28FC02799203800F6DBEF /* UserProfile.swift */; };
		F0E28FC32799AEF700F6DBEF /* Extensions.swift in Sources */ = {isa = PBXBuildFile; fileRef = F0E28FC22799AEF700F6DBEF /* Extensions.swift */; };
		F0E28FC52799C34600F6DBEF /* AuthResponse.swift in Sources */ = {isa = PBXBuildFile; fileRef = F0E28FC42799C34600F6DBEF /* AuthResponse.swift */; };
		F0F0C1A927A0DAC8004A4C27 /* RecommendationsResponse.swift in Sources */ = {isa = PBXBuildFile; fileRef = F0F0C1A827A0DAC8004A4C27 /* RecommendationsResponse.swift */; };
		F0F0C1AC27A0F5A4004A4C27 /* NewReleaseCollectionViewCell.swift in Sources */ = {isa = PBXBuildFile; fileRef = F0F0C1AB27A0F5A4004A4C27 /* NewReleaseCollectionViewCell.swift */; };
		F0F0C1AE27A0F5F2004A4C27 /* FeaturedPlaylistCollectionViewCell.swift in Sources */ = {isa = PBXBuildFile; fileRef = F0F0C1AD27A0F5F2004A4C27 /* FeaturedPlaylistCollectionViewCell.swift */; };
		F0F0C1B027A0F62E004A4C27 /* RecommendedTrackCollectionViewCell.swift in Sources */ = {isa = PBXBuildFile; fileRef = F0F0C1AF27A0F62E004A4C27 /* RecommendedTrackCollectionViewCell.swift */; };
/* End PBXBuildFile section */

/* Begin PBXContainerItemProxy section */
		F0E28F7C2798FFBE00F6DBEF /* PBXContainerItemProxy */ = {
			isa = PBXContainerItemProxy;
			containerPortal = F0E28F5D2798FFBC00F6DBEF /* Project object */;
			proxyType = 1;
			remoteGlobalIDString = F0E28F642798FFBC00F6DBEF;
			remoteInfo = SpotifyApp;
		};
		F0E28F862798FFBE00F6DBEF /* PBXContainerItemProxy */ = {
			isa = PBXContainerItemProxy;
			containerPortal = F0E28F5D2798FFBC00F6DBEF /* Project object */;
			proxyType = 1;
			remoteGlobalIDString = F0E28F642798FFBC00F6DBEF;
			remoteInfo = SpotifyApp;
		};
/* End PBXContainerItemProxy section */

/* Begin PBXFileReference section */
		297525FE6BA9451730BCDA78 /* Pods_SpotifyApp_SpotifyAppUITests.framework */ = {isa = PBXFileReference; explicitFileType = wrapper.framework; includeInIndex = 0; path = Pods_SpotifyApp_SpotifyAppUITests.framework; sourceTree = BUILT_PRODUCTS_DIR; };
		35DCECFDC62853423976440D /* Pods-SpotifyApp-SpotifyAppUITests.release.xcconfig */ = {isa = PBXFileReference; includeInIndex = 1; lastKnownFileType = text.xcconfig; name = "Pods-SpotifyApp-SpotifyAppUITests.release.xcconfig"; path = "Target Support Files/Pods-SpotifyApp-SpotifyAppUITests/Pods-SpotifyApp-SpotifyAppUITests.release.xcconfig"; sourceTree = "<group>"; };
		59F416CCA304F1E4BB1783A5 /* Pods_SpotifyAppTests.framework */ = {isa = PBXFileReference; explicitFileType = wrapper.framework; includeInIndex = 0; path = Pods_SpotifyAppTests.framework; sourceTree = BUILT_PRODUCTS_DIR; };
		691DCD0137C95DDB9C00EE20 /* Pods-SpotifyApp-SpotifyAppUITests.debug.xcconfig */ = {isa = PBXFileReference; includeInIndex = 1; lastKnownFileType = text.xcconfig; name = "Pods-SpotifyApp-SpotifyAppUITests.debug.xcconfig"; path = "Target Support Files/Pods-SpotifyApp-SpotifyAppUITests/Pods-SpotifyApp-SpotifyAppUITests.debug.xcconfig"; sourceTree = "<group>"; };
		7F8746EE1C5BB1F0D0575715 /* Pods-SpotifyAppTests.release.xcconfig */ = {isa = PBXFileReference; includeInIndex = 1; lastKnownFileType = text.xcconfig; name = "Pods-SpotifyAppTests.release.xcconfig"; path = "Target Support Files/Pods-SpotifyAppTests/Pods-SpotifyAppTests.release.xcconfig"; sourceTree = "<group>"; };
		8125C4EC889B3972B9A05403 /* Pods_SpotifyApp.framework */ = {isa = PBXFileReference; explicitFileType = wrapper.framework; includeInIndex = 0; path = Pods_SpotifyApp.framework; sourceTree = BUILT_PRODUCTS_DIR; };
		CB3352BC2E5FE948B4EE8872 /* Pods-SpotifyAppTests.debug.xcconfig */ = {isa = PBXFileReference; includeInIndex = 1; lastKnownFileType = text.xcconfig; name = "Pods-SpotifyAppTests.debug.xcconfig"; path = "Target Support Files/Pods-SpotifyAppTests/Pods-SpotifyAppTests.debug.xcconfig"; sourceTree = "<group>"; };
		DFCA5861363C87FCDD74591A /* Pods-SpotifyApp.release.xcconfig */ = {isa = PBXFileReference; includeInIndex = 1; lastKnownFileType = text.xcconfig; name = "Pods-SpotifyApp.release.xcconfig"; path = "Target Support Files/Pods-SpotifyApp/Pods-SpotifyApp.release.xcconfig"; sourceTree = "<group>"; };
		F027EFBB27B4F445006E7BCC /* AlbumViewController.swift */ = {isa = PBXFileReference; lastKnownFileType = sourcecode.swift; path = AlbumViewController.swift; sourceTree = "<group>"; };
		F027EFBD27B4FCD6006E7BCC /* AlbumDetailsResponse.swift */ = {isa = PBXFileReference; lastKnownFileType = sourcecode.swift; path = AlbumDetailsResponse.swift; sourceTree = "<group>"; };
		F027EFBF27B503AC006E7BCC /* PlaylistDetailsResponse.swift */ = {isa = PBXFileReference; lastKnownFileType = sourcecode.swift; path = PlaylistDetailsResponse.swift; sourceTree = "<group>"; };
		F03D0E9527BA4F2100DA77B2 /* AllCategoriesResponse.swift */ = {isa = PBXFileReference; lastKnownFileType = sourcecode.swift; path = AllCategoriesResponse.swift; sourceTree = "<group>"; };
		F03D0E9727BA66A800DA77B2 /* CategoryCollectionViewCellViewModel.swift */ = {isa = PBXFileReference; lastKnownFileType = sourcecode.swift; path = CategoryCollectionViewCellViewModel.swift; sourceTree = "<group>"; };
		F03D0E9927BA6A8B00DA77B2 /* CategoryViewController.swift */ = {isa = PBXFileReference; lastKnownFileType = sourcecode.swift; path = CategoryViewController.swift; sourceTree = "<group>"; };
		F05194B027B6214100DF1868 /* PlaylistHeaderCollectionReusableView.swift */ = {isa = PBXFileReference; lastKnownFileType = sourcecode.swift; path = PlaylistHeaderCollectionReusableView.swift; sourceTree = "<group>"; };
		F05194B227B6561500DF1868 /* PlaylistHeaderViewViewModel.swift */ = {isa = PBXFileReference; lastKnownFileType = sourcecode.swift; path = PlaylistHeaderViewViewModel.swift; sourceTree = "<group>"; };
		F05194B427B66D9700DF1868 /* TitleHeaderCollectionReusableView.swift */ = {isa = PBXFileReference; lastKnownFileType = sourcecode.swift; path = TitleHeaderCollectionReusableView.swift; sourceTree = "<group>"; };
		F05194B627B68C3D00DF1868 /* AlbumTrackCollectionViewCell.swift */ = {isa = PBXFileReference; lastKnownFileType = sourcecode.swift; path = AlbumTrackCollectionViewCell.swift; sourceTree = "<group>"; };
		F05194BA27B68F9600DF1868 /* AlbumCollectionViewCellViewModel.swift */ = {isa = PBXFileReference; lastKnownFileType = sourcecode.swift; path = AlbumCollectionViewCellViewModel.swift; sourceTree = "<group>"; };
		F05D8C4027A023B70045750F /* SettingsModels.swift */ = {isa = PBXFileReference; lastKnownFileType = sourcecode.swift; path = SettingsModels.swift; sourceTree = "<group>"; };
		F05D8C4227A0410F0045750F /* NewReleasesResponse.swift */ = {isa = PBXFileReference; lastKnownFileType = sourcecode.swift; path = NewReleasesResponse.swift; sourceTree = "<group>"; };
		F05D8C4427A0425A0045750F /* APIImage.swift */ = {isa = PBXFileReference; lastKnownFileType = sourcecode.swift; path = APIImage.swift; sourceTree = "<group>"; };
		F05D8C4627A047350045750F /* FeaturedPlaylistsResponse.swift */ = {isa = PBXFileReference; lastKnownFileType = sourcecode.swift; path = FeaturedPlaylistsResponse.swift; sourceTree = "<group>"; };
		F05D8C4827A04AC20045750F /* RecommendedGenresResponse.swift */ = {isa = PBXFileReference; lastKnownFileType = sourcecode.swift; path = RecommendedGenresResponse.swift; sourceTree = "<group>"; };
		F0809E0727BA352A0048554D /* GenreCollectionViewCell.swift */ = {isa = PBXFileReference; lastKnownFileType = sourcecode.swift; path = GenreCollectionViewCell.swift; sourceTree = "<group>"; };
		F08DA8EA27B38687005C2A23 /* NewReleasesCellViewModel.swift */ = {isa = PBXFileReference; lastKnownFileType = sourcecode.swift; path = NewReleasesCellViewModel.swift; sourceTree = "<group>"; };
		F08DA8EC27B3CE86005C2A23 /* FeaturedPlaylistCellViewModel.swift */ = {isa = PBXFileReference; lastKnownFileType = sourcecode.swift; path = FeaturedPlaylistCellViewModel.swift; sourceTree = "<group>"; };
		F08DA8EE27B3CF83005C2A23 /* RecommendedTrackCellViewModel.swift */ = {isa = PBXFileReference; lastKnownFileType = sourcecode.swift; path = RecommendedTrackCellViewModel.swift; sourceTree = "<group>"; };
		F0E28F652798FFBC00F6DBEF /* SpotifyApp.app */ = {isa = PBXFileReference; explicitFileType = wrapper.application; includeInIndex = 0; path = SpotifyApp.app; sourceTree = BUILT_PRODUCTS_DIR; };
		F0E28F682798FFBC00F6DBEF /* AppDelegate.swift */ = {isa = PBXFileReference; lastKnownFileType = sourcecode.swift; path = AppDelegate.swift; sourceTree = "<group>"; };
		F0E28F6A2798FFBC00F6DBEF /* SceneDelegate.swift */ = {isa = PBXFileReference; lastKnownFileType = sourcecode.swift; path = SceneDelegate.swift; sourceTree = "<group>"; };
		F0E28F6C2798FFBC00F6DBEF /* HomeViewController.swift */ = {isa = PBXFileReference; lastKnownFileType = sourcecode.swift; path = HomeViewController.swift; sourceTree = "<group>"; };
		F0E28F712798FFBD00F6DBEF /* Assets.xcassets */ = {isa = PBXFileReference; lastKnownFileType = folder.assetcatalog; path = Assets.xcassets; sourceTree = "<group>"; };
		F0E28F742798FFBD00F6DBEF /* Base */ = {isa = PBXFileReference; lastKnownFileType = file.storyboard; name = Base; path = Base.lproj/LaunchScreen.storyboard; sourceTree = "<group>"; };
		F0E28F762798FFBD00F6DBEF /* Info.plist */ = {isa = PBXFileReference; lastKnownFileType = text.plist.xml; path = Info.plist; sourceTree = "<group>"; };
		F0E28F7B2798FFBE00F6DBEF /* SpotifyAppTests.xctest */ = {isa = PBXFileReference; explicitFileType = wrapper.cfbundle; includeInIndex = 0; path = SpotifyAppTests.xctest; sourceTree = BUILT_PRODUCTS_DIR; };
		F0E28F7F2798FFBE00F6DBEF /* SpotifyAppTests.swift */ = {isa = PBXFileReference; lastKnownFileType = sourcecode.swift; path = SpotifyAppTests.swift; sourceTree = "<group>"; };
		F0E28F852798FFBE00F6DBEF /* SpotifyAppUITests.xctest */ = {isa = PBXFileReference; explicitFileType = wrapper.cfbundle; includeInIndex = 0; path = SpotifyAppUITests.xctest; sourceTree = BUILT_PRODUCTS_DIR; };
		F0E28F892798FFBE00F6DBEF /* SpotifyAppUITests.swift */ = {isa = PBXFileReference; lastKnownFileType = sourcecode.swift; path = SpotifyAppUITests.swift; sourceTree = "<group>"; };
		F0E28F8B2798FFBE00F6DBEF /* SpotifyAppUITestsLaunchTests.swift */ = {isa = PBXFileReference; lastKnownFileType = sourcecode.swift; path = SpotifyAppUITestsLaunchTests.swift; sourceTree = "<group>"; };
		F0E28F9E27991D1200F6DBEF /* TabBarViewController.swift */ = {isa = PBXFileReference; lastKnownFileType = sourcecode.swift; path = TabBarViewController.swift; sourceTree = "<group>"; };
		F0E28FA027991DED00F6DBEF /* SearchViewController.swift */ = {isa = PBXFileReference; lastKnownFileType = sourcecode.swift; path = SearchViewController.swift; sourceTree = "<group>"; };
		F0E28FA227991E1F00F6DBEF /* LibraryViewController.swift */ = {isa = PBXFileReference; lastKnownFileType = sourcecode.swift; path = LibraryViewController.swift; sourceTree = "<group>"; };
		F0E28FA627991E7600F6DBEF /* AuthViewController.swift */ = {isa = PBXFileReference; lastKnownFileType = sourcecode.swift; path = AuthViewController.swift; sourceTree = "<group>"; };
		F0E28FA827991E9600F6DBEF /* WelcomeViewController.swift */ = {isa = PBXFileReference; lastKnownFileType = sourcecode.swift; path = WelcomeViewController.swift; sourceTree = "<group>"; };
		F0E28FAA27991EB100F6DBEF /* SettingsViewController.swift */ = {isa = PBXFileReference; lastKnownFileType = sourcecode.swift; path = SettingsViewController.swift; sourceTree = "<group>"; };
		F0E28FAC27991EE900F6DBEF /* ProfileViewController.swift */ = {isa = PBXFileReference; lastKnownFileType = sourcecode.swift; path = ProfileViewController.swift; sourceTree = "<group>"; };
		F0E28FAE27991EF500F6DBEF /* PlayerViewController.swift */ = {isa = PBXFileReference; lastKnownFileType = sourcecode.swift; path = PlayerViewController.swift; sourceTree = "<group>"; };
		F0E28FB027991F0700F6DBEF /* PlaylistViewController.swift */ = {isa = PBXFileReference; lastKnownFileType = sourcecode.swift; path = PlaylistViewController.swift; sourceTree = "<group>"; };
		F0E28FB227991F2B00F6DBEF /* SearchResultsViewController.swift */ = {isa = PBXFileReference; lastKnownFileType = sourcecode.swift; path = SearchResultsViewController.swift; sourceTree = "<group>"; };
		F0E28FB427991F6C00F6DBEF /* AuthManager.swift */ = {isa = PBXFileReference; lastKnownFileType = sourcecode.swift; path = AuthManager.swift; sourceTree = "<group>"; };
		F0E28FB627991F8800F6DBEF /* APICaller.swift */ = {isa = PBXFileReference; lastKnownFileType = sourcecode.swift; path = APICaller.swift; sourceTree = "<group>"; };
		F0E28FB827991FAA00F6DBEF /* HapticsManager.swift */ = {isa = PBXFileReference; lastKnownFileType = sourcecode.swift; path = HapticsManager.swift; sourceTree = "<group>"; };
		F0E28FBA27991FD300F6DBEF /* Playlist.swift */ = {isa = PBXFileReference; lastKnownFileType = sourcecode.swift; path = Playlist.swift; sourceTree = "<group>"; };
		F0E28FBC27991FEE00F6DBEF /* AudioTrack.swift */ = {isa = PBXFileReference; lastKnownFileType = sourcecode.swift; path = AudioTrack.swift; sourceTree = "<group>"; };
		F0E28FBE2799201F00F6DBEF /* Artist.swift */ = {isa = PBXFileReference; lastKnownFileType = sourcecode.swift; path = Artist.swift; sourceTree = "<group>"; };
		F0E28FC02799203800F6DBEF /* UserProfile.swift */ = {isa = PBXFileReference; lastKnownFileType = sourcecode.swift; path = UserProfile.swift; sourceTree = "<group>"; };
		F0E28FC22799AEF700F6DBEF /* Extensions.swift */ = {isa = PBXFileReference; lastKnownFileType = sourcecode.swift; path = Extensions.swift; sourceTree = "<group>"; };
		F0E28FC42799C34600F6DBEF /* AuthResponse.swift */ = {isa = PBXFileReference; lastKnownFileType = sourcecode.swift; path = AuthResponse.swift; sourceTree = "<group>"; };
		F0F0C1A827A0DAC8004A4C27 /* RecommendationsResponse.swift */ = {isa = PBXFileReference; lastKnownFileType = sourcecode.swift; path = RecommendationsResponse.swift; sourceTree = "<group>"; };
		F0F0C1AB27A0F5A4004A4C27 /* NewReleaseCollectionViewCell.swift */ = {isa = PBXFileReference; lastKnownFileType = sourcecode.swift; path = NewReleaseCollectionViewCell.swift; sourceTree = "<group>"; };
		F0F0C1AD27A0F5F2004A4C27 /* FeaturedPlaylistCollectionViewCell.swift */ = {isa = PBXFileReference; lastKnownFileType = sourcecode.swift; path = FeaturedPlaylistCollectionViewCell.swift; sourceTree = "<group>"; };
		F0F0C1AF27A0F62E004A4C27 /* RecommendedTrackCollectionViewCell.swift */ = {isa = PBXFileReference; lastKnownFileType = sourcecode.swift; path = RecommendedTrackCollectionViewCell.swift; sourceTree = "<group>"; };
		FF20519FB9853C921FF22CF4 /* Pods-SpotifyApp.debug.xcconfig */ = {isa = PBXFileReference; includeInIndex = 1; lastKnownFileType = text.xcconfig; name = "Pods-SpotifyApp.debug.xcconfig"; path = "Target Support Files/Pods-SpotifyApp/Pods-SpotifyApp.debug.xcconfig"; sourceTree = "<group>"; };
/* End PBXFileReference section */

/* Begin PBXFrameworksBuildPhase section */
		F0E28F622798FFBC00F6DBEF /* Frameworks */ = {
			isa = PBXFrameworksBuildPhase;
			buildActionMask = 2147483647;
			files = (
				07F68F5ABFB306247C0230F1 /* Pods_SpotifyApp.framework in Frameworks */,
			);
			runOnlyForDeploymentPostprocessing = 0;
		};
		F0E28F782798FFBE00F6DBEF /* Frameworks */ = {
			isa = PBXFrameworksBuildPhase;
			buildActionMask = 2147483647;
			files = (
				B2D0197A81BFCC95BA9CF927 /* Pods_SpotifyAppTests.framework in Frameworks */,
			);
			runOnlyForDeploymentPostprocessing = 0;
		};
		F0E28F822798FFBE00F6DBEF /* Frameworks */ = {
			isa = PBXFrameworksBuildPhase;
			buildActionMask = 2147483647;
			files = (
				441B08FA6CB9E5EE39C4C5D0 /* Pods_SpotifyApp_SpotifyAppUITests.framework in Frameworks */,
			);
			runOnlyForDeploymentPostprocessing = 0;
		};
/* End PBXFrameworksBuildPhase section */

/* Begin PBXGroup section */
		7525966DBB27D174CEEA3B63 /* Frameworks */ = {
			isa = PBXGroup;
			children = (
				8125C4EC889B3972B9A05403 /* Pods_SpotifyApp.framework */,
				297525FE6BA9451730BCDA78 /* Pods_SpotifyApp_SpotifyAppUITests.framework */,
				59F416CCA304F1E4BB1783A5 /* Pods_SpotifyAppTests.framework */,
			);
			name = Frameworks;
			sourceTree = "<group>";
		};
		935856069D2116436F62F9FE /* Pods */ = {
			isa = PBXGroup;
			children = (
				FF20519FB9853C921FF22CF4 /* Pods-SpotifyApp.debug.xcconfig */,
				DFCA5861363C87FCDD74591A /* Pods-SpotifyApp.release.xcconfig */,
				691DCD0137C95DDB9C00EE20 /* Pods-SpotifyApp-SpotifyAppUITests.debug.xcconfig */,
				35DCECFDC62853423976440D /* Pods-SpotifyApp-SpotifyAppUITests.release.xcconfig */,
				CB3352BC2E5FE948B4EE8872 /* Pods-SpotifyAppTests.debug.xcconfig */,
				7F8746EE1C5BB1F0D0575715 /* Pods-SpotifyAppTests.release.xcconfig */,
			);
			path = Pods;
			sourceTree = "<group>";
		};
		F0E28F5C2798FFBC00F6DBEF = {
			isa = PBXGroup;
			children = (
				F0E28F672798FFBC00F6DBEF /* SpotifyApp */,
				F0E28F7E2798FFBE00F6DBEF /* SpotifyAppTests */,
				F0E28F882798FFBE00F6DBEF /* SpotifyAppUITests */,
				F0E28F662798FFBC00F6DBEF /* Products */,
				935856069D2116436F62F9FE /* Pods */,
				7525966DBB27D174CEEA3B63 /* Frameworks */,
			);
			sourceTree = "<group>";
		};
		F0E28F662798FFBC00F6DBEF /* Products */ = {
			isa = PBXGroup;
			children = (
				F0E28F652798FFBC00F6DBEF /* SpotifyApp.app */,
				F0E28F7B2798FFBE00F6DBEF /* SpotifyAppTests.xctest */,
				F0E28F852798FFBE00F6DBEF /* SpotifyAppUITests.xctest */,
			);
			name = Products;
			sourceTree = "<group>";
		};
		F0E28F672798FFBC00F6DBEF /* SpotifyApp */ = {
			isa = PBXGroup;
			children = (
				F0E28F9D27990AB200F6DBEF /* Resources */,
				F0E28F9C27990A9F00F6DBEF /* Managers */,
				F0E28F9B27990A8100F6DBEF /* ViewModels */,
				F0E28F9A27990A7800F6DBEF /* Models */,
				F0E28F992799054000F6DBEF /* Views */,
				F0E28F982799053700F6DBEF /* Controllers */,
				F0E28F762798FFBD00F6DBEF /* Info.plist */,
			);
			path = SpotifyApp;
			sourceTree = "<group>";
		};
		F0E28F7E2798FFBE00F6DBEF /* SpotifyAppTests */ = {
			isa = PBXGroup;
			children = (
				F0E28F7F2798FFBE00F6DBEF /* SpotifyAppTests.swift */,
			);
			path = SpotifyAppTests;
			sourceTree = "<group>";
		};
		F0E28F882798FFBE00F6DBEF /* SpotifyAppUITests */ = {
			isa = PBXGroup;
			children = (
				F0E28F892798FFBE00F6DBEF /* SpotifyAppUITests.swift */,
				F0E28F8B2798FFBE00F6DBEF /* SpotifyAppUITestsLaunchTests.swift */,
			);
			path = SpotifyAppUITests;
			sourceTree = "<group>";
		};
		F0E28F982799053700F6DBEF /* Controllers */ = {
			isa = PBXGroup;
			children = (
				F0E28FA527991E5900F6DBEF /* Other */,
				F0E28FA427991E3400F6DBEF /* Core */,
			);
			path = Controllers;
			sourceTree = "<group>";
		};
		F0E28F992799054000F6DBEF /* Views */ = {
			isa = PBXGroup;
			children = (
				F0F0C1AA27A0F569004A4C27 /* Browse */,
				F0E28F732798FFBD00F6DBEF /* LaunchScreen.storyboard */,
				F05194B027B6214100DF1868 /* PlaylistHeaderCollectionReusableView.swift */,
				F05194B427B66D9700DF1868 /* TitleHeaderCollectionReusableView.swift */,
				F05194B627B68C3D00DF1868 /* AlbumTrackCollectionViewCell.swift */,
				F0809E0727BA352A0048554D /* GenreCollectionViewCell.swift */,
			);
			path = Views;
			sourceTree = "<group>";
		};
		F0E28F9A27990A7800F6DBEF /* Models */ = {
			isa = PBXGroup;
			children = (
				F0E28FBA27991FD300F6DBEF /* Playlist.swift */,
				F0E28FBC27991FEE00F6DBEF /* AudioTrack.swift */,
				F0E28FBE2799201F00F6DBEF /* Artist.swift */,
				F0E28FC02799203800F6DBEF /* UserProfile.swift */,
				F0E28FC42799C34600F6DBEF /* AuthResponse.swift */,
				F05D8C4027A023B70045750F /* SettingsModels.swift */,
				F05D8C4227A0410F0045750F /* NewReleasesResponse.swift */,
				F05D8C4427A0425A0045750F /* APIImage.swift */,
				F05D8C4627A047350045750F /* FeaturedPlaylistsResponse.swift */,
				F05D8C4827A04AC20045750F /* RecommendedGenresResponse.swift */,
				F0F0C1A827A0DAC8004A4C27 /* RecommendationsResponse.swift */,
				F027EFBD27B4FCD6006E7BCC /* AlbumDetailsResponse.swift */,
				F027EFBF27B503AC006E7BCC /* PlaylistDetailsResponse.swift */,
				F03D0E9527BA4F2100DA77B2 /* AllCategoriesResponse.swift */,
			);
			path = Models;
			sourceTree = "<group>";
		};
		F0E28F9B27990A8100F6DBEF /* ViewModels */ = {
			isa = PBXGroup;
			children = (
				F08DA8EA27B38687005C2A23 /* NewReleasesCellViewModel.swift */,
				F08DA8EC27B3CE86005C2A23 /* FeaturedPlaylistCellViewModel.swift */,
				F08DA8EE27B3CF83005C2A23 /* RecommendedTrackCellViewModel.swift */,
				F05194B227B6561500DF1868 /* PlaylistHeaderViewViewModel.swift */,
				F05194BA27B68F9600DF1868 /* AlbumCollectionViewCellViewModel.swift */,
				F03D0E9727BA66A800DA77B2 /* CategoryCollectionViewCellViewModel.swift */,
			);
			path = ViewModels;
			sourceTree = "<group>";
		};
		F0E28F9C27990A9F00F6DBEF /* Managers */ = {
			isa = PBXGroup;
			children = (
				F0E28FB427991F6C00F6DBEF /* AuthManager.swift */,
				F0E28FB627991F8800F6DBEF /* APICaller.swift */,
				F0E28FB827991FAA00F6DBEF /* HapticsManager.swift */,
			);
			path = Managers;
			sourceTree = "<group>";
		};
		F0E28F9D27990AB200F6DBEF /* Resources */ = {
			isa = PBXGroup;
			children = (
				F0E28F712798FFBD00F6DBEF /* Assets.xcassets */,
				F0E28F682798FFBC00F6DBEF /* AppDelegate.swift */,
				F0E28F6A2798FFBC00F6DBEF /* SceneDelegate.swift */,
				F0E28FC22799AEF700F6DBEF /* Extensions.swift */,
			);
			path = Resources;
			sourceTree = "<group>";
		};
		F0E28FA427991E3400F6DBEF /* Core */ = {
			isa = PBXGroup;
			children = (
				F0E28F6C2798FFBC00F6DBEF /* HomeViewController.swift */,
				F0E28F9E27991D1200F6DBEF /* TabBarViewController.swift */,
				F0E28FA027991DED00F6DBEF /* SearchViewController.swift */,
				F0E28FA227991E1F00F6DBEF /* LibraryViewController.swift */,
			);
			path = Core;
			sourceTree = "<group>";
		};
		F0E28FA527991E5900F6DBEF /* Other */ = {
			isa = PBXGroup;
			children = (
				F0E28FA627991E7600F6DBEF /* AuthViewController.swift */,
				F0E28FA827991E9600F6DBEF /* WelcomeViewController.swift */,
				F0E28FAA27991EB100F6DBEF /* SettingsViewController.swift */,
				F0E28FAC27991EE900F6DBEF /* ProfileViewController.swift */,
				F0E28FAE27991EF500F6DBEF /* PlayerViewController.swift */,
				F0E28FB027991F0700F6DBEF /* PlaylistViewController.swift */,
				F0E28FB227991F2B00F6DBEF /* SearchResultsViewController.swift */,
				F027EFBB27B4F445006E7BCC /* AlbumViewController.swift */,
				F03D0E9927BA6A8B00DA77B2 /* CategoryViewController.swift */,
			);
			path = Other;
			sourceTree = "<group>";
		};
		F0F0C1AA27A0F569004A4C27 /* Browse */ = {
			isa = PBXGroup;
			children = (
				F0F0C1AB27A0F5A4004A4C27 /* NewReleaseCollectionViewCell.swift */,
				F0F0C1AD27A0F5F2004A4C27 /* FeaturedPlaylistCollectionViewCell.swift */,
				F0F0C1AF27A0F62E004A4C27 /* RecommendedTrackCollectionViewCell.swift */,
			);
			path = Browse;
			sourceTree = "<group>";
		};
/* End PBXGroup section */

/* Begin PBXNativeTarget section */
		F0E28F642798FFBC00F6DBEF /* SpotifyApp */ = {
			isa = PBXNativeTarget;
			buildConfigurationList = F0E28F8F2798FFBE00F6DBEF /* Build configuration list for PBXNativeTarget "SpotifyApp" */;
			buildPhases = (
				8BE8163CD9E8A9ABB7476669 /* [CP] Check Pods Manifest.lock */,
				F0E28F612798FFBC00F6DBEF /* Sources */,
				F0E28F622798FFBC00F6DBEF /* Frameworks */,
				F0E28F632798FFBC00F6DBEF /* Resources */,
				802B67228854697FB1A84025 /* [CP] Embed Pods Frameworks */,
			);
			buildRules = (
			);
			dependencies = (
			);
			name = SpotifyApp;
			productName = SpotifyApp;
			productReference = F0E28F652798FFBC00F6DBEF /* SpotifyApp.app */;
			productType = "com.apple.product-type.application";
		};
		F0E28F7A2798FFBE00F6DBEF /* SpotifyAppTests */ = {
			isa = PBXNativeTarget;
			buildConfigurationList = F0E28F922798FFBE00F6DBEF /* Build configuration list for PBXNativeTarget "SpotifyAppTests" */;
			buildPhases = (
				43DFDB843CCACCC53CE99CA5 /* [CP] Check Pods Manifest.lock */,
				F0E28F772798FFBE00F6DBEF /* Sources */,
				F0E28F782798FFBE00F6DBEF /* Frameworks */,
				F0E28F792798FFBE00F6DBEF /* Resources */,
			);
			buildRules = (
			);
			dependencies = (
				F0E28F7D2798FFBE00F6DBEF /* PBXTargetDependency */,
			);
			name = SpotifyAppTests;
			productName = SpotifyAppTests;
			productReference = F0E28F7B2798FFBE00F6DBEF /* SpotifyAppTests.xctest */;
			productType = "com.apple.product-type.bundle.unit-test";
		};
		F0E28F842798FFBE00F6DBEF /* SpotifyAppUITests */ = {
			isa = PBXNativeTarget;
			buildConfigurationList = F0E28F952798FFBE00F6DBEF /* Build configuration list for PBXNativeTarget "SpotifyAppUITests" */;
			buildPhases = (
				DE7355B820AA26E2F5E2BA48 /* [CP] Check Pods Manifest.lock */,
				F0E28F812798FFBE00F6DBEF /* Sources */,
				F0E28F822798FFBE00F6DBEF /* Frameworks */,
				F0E28F832798FFBE00F6DBEF /* Resources */,
				1CD3CE75FD40347128649C8D /* [CP] Embed Pods Frameworks */,
			);
			buildRules = (
			);
			dependencies = (
				F0E28F872798FFBE00F6DBEF /* PBXTargetDependency */,
			);
			name = SpotifyAppUITests;
			productName = SpotifyAppUITests;
			productReference = F0E28F852798FFBE00F6DBEF /* SpotifyAppUITests.xctest */;
			productType = "com.apple.product-type.bundle.ui-testing";
		};
/* End PBXNativeTarget section */

/* Begin PBXProject section */
		F0E28F5D2798FFBC00F6DBEF /* Project object */ = {
			isa = PBXProject;
			attributes = {
				BuildIndependentTargetsInParallel = 1;
				LastSwiftUpdateCheck = 1320;
				LastUpgradeCheck = 1320;
				TargetAttributes = {
					F0E28F642798FFBC00F6DBEF = {
						CreatedOnToolsVersion = 13.2.1;
					};
					F0E28F7A2798FFBE00F6DBEF = {
						CreatedOnToolsVersion = 13.2.1;
						TestTargetID = F0E28F642798FFBC00F6DBEF;
					};
					F0E28F842798FFBE00F6DBEF = {
						CreatedOnToolsVersion = 13.2.1;
						TestTargetID = F0E28F642798FFBC00F6DBEF;
					};
				};
			};
			buildConfigurationList = F0E28F602798FFBC00F6DBEF /* Build configuration list for PBXProject "SpotifyApp" */;
			compatibilityVersion = "Xcode 13.0";
			developmentRegion = en;
			hasScannedForEncodings = 0;
			knownRegions = (
				en,
				Base,
			);
			mainGroup = F0E28F5C2798FFBC00F6DBEF;
			productRefGroup = F0E28F662798FFBC00F6DBEF /* Products */;
			projectDirPath = "";
			projectRoot = "";
			targets = (
				F0E28F642798FFBC00F6DBEF /* SpotifyApp */,
				F0E28F7A2798FFBE00F6DBEF /* SpotifyAppTests */,
				F0E28F842798FFBE00F6DBEF /* SpotifyAppUITests */,
			);
		};
/* End PBXProject section */

/* Begin PBXResourcesBuildPhase section */
		F0E28F632798FFBC00F6DBEF /* Resources */ = {
			isa = PBXResourcesBuildPhase;
			buildActionMask = 2147483647;
			files = (
				F0E28F752798FFBD00F6DBEF /* LaunchScreen.storyboard in Resources */,
				F0E28F722798FFBD00F6DBEF /* Assets.xcassets in Resources */,
			);
			runOnlyForDeploymentPostprocessing = 0;
		};
		F0E28F792798FFBE00F6DBEF /* Resources */ = {
			isa = PBXResourcesBuildPhase;
			buildActionMask = 2147483647;
			files = (
			);
			runOnlyForDeploymentPostprocessing = 0;
		};
		F0E28F832798FFBE00F6DBEF /* Resources */ = {
			isa = PBXResourcesBuildPhase;
			buildActionMask = 2147483647;
			files = (
			);
			runOnlyForDeploymentPostprocessing = 0;
		};
/* End PBXResourcesBuildPhase section */

/* Begin PBXShellScriptBuildPhase section */
		1CD3CE75FD40347128649C8D /* [CP] Embed Pods Frameworks */ = {
			isa = PBXShellScriptBuildPhase;
			buildActionMask = 2147483647;
			files = (
			);
			inputFileListPaths = (
				"${PODS_ROOT}/Target Support Files/Pods-SpotifyApp-SpotifyAppUITests/Pods-SpotifyApp-SpotifyAppUITests-frameworks-${CONFIGURATION}-input-files.xcfilelist",
			);
			name = "[CP] Embed Pods Frameworks";
			outputFileListPaths = (
				"${PODS_ROOT}/Target Support Files/Pods-SpotifyApp-SpotifyAppUITests/Pods-SpotifyApp-SpotifyAppUITests-frameworks-${CONFIGURATION}-output-files.xcfilelist",
			);
			runOnlyForDeploymentPostprocessing = 0;
			shellPath = /bin/sh;
			shellScript = "\"${PODS_ROOT}/Target Support Files/Pods-SpotifyApp-SpotifyAppUITests/Pods-SpotifyApp-SpotifyAppUITests-frameworks.sh\"\n";
			showEnvVarsInLog = 0;
		};
		43DFDB843CCACCC53CE99CA5 /* [CP] Check Pods Manifest.lock */ = {
			isa = PBXShellScriptBuildPhase;
			buildActionMask = 2147483647;
			files = (
			);
			inputFileListPaths = (
			);
			inputPaths = (
				"${PODS_PODFILE_DIR_PATH}/Podfile.lock",
				"${PODS_ROOT}/Manifest.lock",
			);
			name = "[CP] Check Pods Manifest.lock";
			outputFileListPaths = (
			);
			outputPaths = (
				"$(DERIVED_FILE_DIR)/Pods-SpotifyAppTests-checkManifestLockResult.txt",
			);
			runOnlyForDeploymentPostprocessing = 0;
			shellPath = /bin/sh;
			shellScript = "diff \"${PODS_PODFILE_DIR_PATH}/Podfile.lock\" \"${PODS_ROOT}/Manifest.lock\" > /dev/null\nif [ $? != 0 ] ; then\n    # print error to STDERR\n    echo \"error: The sandbox is not in sync with the Podfile.lock. Run 'pod install' or update your CocoaPods installation.\" >&2\n    exit 1\nfi\n# This output is used by Xcode 'outputs' to avoid re-running this script phase.\necho \"SUCCESS\" > \"${SCRIPT_OUTPUT_FILE_0}\"\n";
			showEnvVarsInLog = 0;
		};
		802B67228854697FB1A84025 /* [CP] Embed Pods Frameworks */ = {
			isa = PBXShellScriptBuildPhase;
			buildActionMask = 2147483647;
			files = (
			);
			inputFileListPaths = (
				"${PODS_ROOT}/Target Support Files/Pods-SpotifyApp/Pods-SpotifyApp-frameworks-${CONFIGURATION}-input-files.xcfilelist",
			);
			name = "[CP] Embed Pods Frameworks";
			outputFileListPaths = (
				"${PODS_ROOT}/Target Support Files/Pods-SpotifyApp/Pods-SpotifyApp-frameworks-${CONFIGURATION}-output-files.xcfilelist",
			);
			runOnlyForDeploymentPostprocessing = 0;
			shellPath = /bin/sh;
			shellScript = "\"${PODS_ROOT}/Target Support Files/Pods-SpotifyApp/Pods-SpotifyApp-frameworks.sh\"\n";
			showEnvVarsInLog = 0;
		};
		8BE8163CD9E8A9ABB7476669 /* [CP] Check Pods Manifest.lock */ = {
			isa = PBXShellScriptBuildPhase;
			buildActionMask = 2147483647;
			files = (
			);
			inputFileListPaths = (
			);
			inputPaths = (
				"${PODS_PODFILE_DIR_PATH}/Podfile.lock",
				"${PODS_ROOT}/Manifest.lock",
			);
			name = "[CP] Check Pods Manifest.lock";
			outputFileListPaths = (
			);
			outputPaths = (
				"$(DERIVED_FILE_DIR)/Pods-SpotifyApp-checkManifestLockResult.txt",
			);
			runOnlyForDeploymentPostprocessing = 0;
			shellPath = /bin/sh;
			shellScript = "diff \"${PODS_PODFILE_DIR_PATH}/Podfile.lock\" \"${PODS_ROOT}/Manifest.lock\" > /dev/null\nif [ $? != 0 ] ; then\n    # print error to STDERR\n    echo \"error: The sandbox is not in sync with the Podfile.lock. Run 'pod install' or update your CocoaPods installation.\" >&2\n    exit 1\nfi\n# This output is used by Xcode 'outputs' to avoid re-running this script phase.\necho \"SUCCESS\" > \"${SCRIPT_OUTPUT_FILE_0}\"\n";
			showEnvVarsInLog = 0;
		};
		DE7355B820AA26E2F5E2BA48 /* [CP] Check Pods Manifest.lock */ = {
			isa = PBXShellScriptBuildPhase;
			buildActionMask = 2147483647;
			files = (
			);
			inputFileListPaths = (
			);
			inputPaths = (
				"${PODS_PODFILE_DIR_PATH}/Podfile.lock",
				"${PODS_ROOT}/Manifest.lock",
			);
			name = "[CP] Check Pods Manifest.lock";
			outputFileListPaths = (
			);
			outputPaths = (
				"$(DERIVED_FILE_DIR)/Pods-SpotifyApp-SpotifyAppUITests-checkManifestLockResult.txt",
			);
			runOnlyForDeploymentPostprocessing = 0;
			shellPath = /bin/sh;
			shellScript = "diff \"${PODS_PODFILE_DIR_PATH}/Podfile.lock\" \"${PODS_ROOT}/Manifest.lock\" > /dev/null\nif [ $? != 0 ] ; then\n    # print error to STDERR\n    echo \"error: The sandbox is not in sync with the Podfile.lock. Run 'pod install' or update your CocoaPods installation.\" >&2\n    exit 1\nfi\n# This output is used by Xcode 'outputs' to avoid re-running this script phase.\necho \"SUCCESS\" > \"${SCRIPT_OUTPUT_FILE_0}\"\n";
			showEnvVarsInLog = 0;
		};
/* End PBXShellScriptBuildPhase section */

/* Begin PBXSourcesBuildPhase section */
		F0E28F612798FFBC00F6DBEF /* Sources */ = {
			isa = PBXSourcesBuildPhase;
			buildActionMask = 2147483647;
			files = (
				F0E28FA127991DED00F6DBEF /* SearchViewController.swift in Sources */,
				F027EFC027B503AC006E7BCC /* PlaylistDetailsResponse.swift in Sources */,
				F0E28FBB27991FD300F6DBEF /* Playlist.swift in Sources */,
				F0E28FB527991F6C00F6DBEF /* AuthManager.swift in Sources */,
				F08DA8EB27B38687005C2A23 /* NewReleasesCellViewModel.swift in Sources */,
				F05194BB27B68F9600DF1868 /* AlbumCollectionViewCellViewModel.swift in Sources */,
				F08DA8EF27B3CF83005C2A23 /* RecommendedTrackCellViewModel.swift in Sources */,
				F0E28FA927991E9600F6DBEF /* WelcomeViewController.swift in Sources */,
				F03D0E9A27BA6A8B00DA77B2 /* CategoryViewController.swift in Sources */,
				F03D0E9627BA4F2100DA77B2 /* AllCategoriesResponse.swift in Sources */,
				F05194B527B66D9700DF1868 /* TitleHeaderCollectionReusableView.swift in Sources */,
				F027EFBC27B4F445006E7BCC /* AlbumViewController.swift in Sources */,
				F05194B327B6561500DF1868 /* PlaylistHeaderViewViewModel.swift in Sources */,
				F08DA8ED27B3CE86005C2A23 /* FeaturedPlaylistCellViewModel.swift in Sources */,
				F0E28FAD27991EE900F6DBEF /* ProfileViewController.swift in Sources */,
				F0E28F9F27991D1200F6DBEF /* TabBarViewController.swift in Sources */,
				F0E28F6D2798FFBC00F6DBEF /* HomeViewController.swift in Sources */,
				F0E28FB927991FAA00F6DBEF /* HapticsManager.swift in Sources */,
				F0F0C1B027A0F62E004A4C27 /* RecommendedTrackCollectionViewCell.swift in Sources */,
				F0E28FC52799C34600F6DBEF /* AuthResponse.swift in Sources */,
				F0809E0827BA352A0048554D /* GenreCollectionViewCell.swift in Sources */,
				F05D8C4327A0410F0045750F /* NewReleasesResponse.swift in Sources */,
				F05D8C4527A0425A0045750F /* APIImage.swift in Sources */,
				F05194B727B68C3D00DF1868 /* AlbumTrackCollectionViewCell.swift in Sources */,
				F0F0C1A927A0DAC8004A4C27 /* RecommendationsResponse.swift in Sources */,
				F0E28FBD27991FEE00F6DBEF /* AudioTrack.swift in Sources */,
				F0E28FA727991E7600F6DBEF /* AuthViewController.swift in Sources */,
				F0F0C1AC27A0F5A4004A4C27 /* NewReleaseCollectionViewCell.swift in Sources */,
				F0E28F692798FFBC00F6DBEF /* AppDelegate.swift in Sources */,
				F0F0C1AE27A0F5F2004A4C27 /* FeaturedPlaylistCollectionViewCell.swift in Sources */,
				F0E28FA327991E1F00F6DBEF /* LibraryViewController.swift in Sources */,
				F0E28FC12799203800F6DBEF /* UserProfile.swift in Sources */,
				F0E28FC32799AEF700F6DBEF /* Extensions.swift in Sources */,
				F05194B127B6214100DF1868 /* PlaylistHeaderCollectionReusableView.swift in Sources */,
				F0E28FB127991F0700F6DBEF /* PlaylistViewController.swift in Sources */,
				F0E28FBF2799201F00F6DBEF /* Artist.swift in Sources */,
				F05D8C4127A023B70045750F /* SettingsModels.swift in Sources */,
				F0E28F6B2798FFBC00F6DBEF /* SceneDelegate.swift in Sources */,
				F0E28FAF27991EF500F6DBEF /* PlayerViewController.swift in Sources */,
				F0E28FB327991F2B00F6DBEF /* SearchResultsViewController.swift in Sources */,
				F027EFBE27B4FCD6006E7BCC /* AlbumDetailsResponse.swift in Sources */,
				F0E28FB727991F8800F6DBEF /* APICaller.swift in Sources */,
				F05D8C4727A047350045750F /* FeaturedPlaylistsResponse.swift in Sources */,
				F0E28FAB27991EB100F6DBEF /* SettingsViewController.swift in Sources */,
				F03D0E9827BA66A800DA77B2 /* CategoryCollectionViewCellViewModel.swift in Sources */,
				F05D8C4927A04AC20045750F /* RecommendedGenresResponse.swift in Sources */,
			);
			runOnlyForDeploymentPostprocessing = 0;
		};
		F0E28F772798FFBE00F6DBEF /* Sources */ = {
			isa = PBXSourcesBuildPhase;
			buildActionMask = 2147483647;
			files = (
				F0E28F802798FFBE00F6DBEF /* SpotifyAppTests.swift in Sources */,
			);
			runOnlyForDeploymentPostprocessing = 0;
		};
		F0E28F812798FFBE00F6DBEF /* Sources */ = {
			isa = PBXSourcesBuildPhase;
			buildActionMask = 2147483647;
			files = (
				F0E28F8A2798FFBE00F6DBEF /* SpotifyAppUITests.swift in Sources */,
				F0E28F8C2798FFBE00F6DBEF /* SpotifyAppUITestsLaunchTests.swift in Sources */,
			);
			runOnlyForDeploymentPostprocessing = 0;
		};
/* End PBXSourcesBuildPhase section */

/* Begin PBXTargetDependency section */
		F0E28F7D2798FFBE00F6DBEF /* PBXTargetDependency */ = {
			isa = PBXTargetDependency;
			target = F0E28F642798FFBC00F6DBEF /* SpotifyApp */;
			targetProxy = F0E28F7C2798FFBE00F6DBEF /* PBXContainerItemProxy */;
		};
		F0E28F872798FFBE00F6DBEF /* PBXTargetDependency */ = {
			isa = PBXTargetDependency;
			target = F0E28F642798FFBC00F6DBEF /* SpotifyApp */;
			targetProxy = F0E28F862798FFBE00F6DBEF /* PBXContainerItemProxy */;
		};
/* End PBXTargetDependency section */

/* Begin PBXVariantGroup section */
		F0E28F732798FFBD00F6DBEF /* LaunchScreen.storyboard */ = {
			isa = PBXVariantGroup;
			children = (
				F0E28F742798FFBD00F6DBEF /* Base */,
			);
			name = LaunchScreen.storyboard;
			sourceTree = "<group>";
		};
/* End PBXVariantGroup section */

/* Begin XCBuildConfiguration section */
		F0E28F8D2798FFBE00F6DBEF /* Debug */ = {
			isa = XCBuildConfiguration;
			buildSettings = {
				ALWAYS_SEARCH_USER_PATHS = NO;
				CLANG_ANALYZER_NONNULL = YES;
				CLANG_ANALYZER_NUMBER_OBJECT_CONVERSION = YES_AGGRESSIVE;
				CLANG_CXX_LANGUAGE_STANDARD = "gnu++17";
				CLANG_CXX_LIBRARY = "libc++";
				CLANG_ENABLE_MODULES = YES;
				CLANG_ENABLE_OBJC_ARC = YES;
				CLANG_ENABLE_OBJC_WEAK = YES;
				CLANG_WARN_BLOCK_CAPTURE_AUTORELEASING = YES;
				CLANG_WARN_BOOL_CONVERSION = YES;
				CLANG_WARN_COMMA = YES;
				CLANG_WARN_CONSTANT_CONVERSION = YES;
				CLANG_WARN_DEPRECATED_OBJC_IMPLEMENTATIONS = YES;
				CLANG_WARN_DIRECT_OBJC_ISA_USAGE = YES_ERROR;
				CLANG_WARN_DOCUMENTATION_COMMENTS = YES;
				CLANG_WARN_EMPTY_BODY = YES;
				CLANG_WARN_ENUM_CONVERSION = YES;
				CLANG_WARN_INFINITE_RECURSION = YES;
				CLANG_WARN_INT_CONVERSION = YES;
				CLANG_WARN_NON_LITERAL_NULL_CONVERSION = YES;
				CLANG_WARN_OBJC_IMPLICIT_RETAIN_SELF = YES;
				CLANG_WARN_OBJC_LITERAL_CONVERSION = YES;
				CLANG_WARN_OBJC_ROOT_CLASS = YES_ERROR;
				CLANG_WARN_QUOTED_INCLUDE_IN_FRAMEWORK_HEADER = YES;
				CLANG_WARN_RANGE_LOOP_ANALYSIS = YES;
				CLANG_WARN_STRICT_PROTOTYPES = YES;
				CLANG_WARN_SUSPICIOUS_MOVE = YES;
				CLANG_WARN_UNGUARDED_AVAILABILITY = YES_AGGRESSIVE;
				CLANG_WARN_UNREACHABLE_CODE = YES;
				CLANG_WARN__DUPLICATE_METHOD_MATCH = YES;
				COPY_PHASE_STRIP = NO;
				DEBUG_INFORMATION_FORMAT = dwarf;
				ENABLE_STRICT_OBJC_MSGSEND = YES;
				ENABLE_TESTABILITY = YES;
				GCC_C_LANGUAGE_STANDARD = gnu11;
				GCC_DYNAMIC_NO_PIC = NO;
				GCC_NO_COMMON_BLOCKS = YES;
				GCC_OPTIMIZATION_LEVEL = 0;
				GCC_PREPROCESSOR_DEFINITIONS = (
					"DEBUG=1",
					"$(inherited)",
				);
				GCC_WARN_64_TO_32_BIT_CONVERSION = YES;
				GCC_WARN_ABOUT_RETURN_TYPE = YES_ERROR;
				GCC_WARN_UNDECLARED_SELECTOR = YES;
				GCC_WARN_UNINITIALIZED_AUTOS = YES_AGGRESSIVE;
				GCC_WARN_UNUSED_FUNCTION = YES;
				GCC_WARN_UNUSED_VARIABLE = YES;
				IPHONEOS_DEPLOYMENT_TARGET = 15.2;
				MTL_ENABLE_DEBUG_INFO = INCLUDE_SOURCE;
				MTL_FAST_MATH = YES;
				ONLY_ACTIVE_ARCH = YES;
				SDKROOT = iphoneos;
				SWIFT_ACTIVE_COMPILATION_CONDITIONS = DEBUG;
				SWIFT_OPTIMIZATION_LEVEL = "-Onone";
			};
			name = Debug;
		};
		F0E28F8E2798FFBE00F6DBEF /* Release */ = {
			isa = XCBuildConfiguration;
			buildSettings = {
				ALWAYS_SEARCH_USER_PATHS = NO;
				CLANG_ANALYZER_NONNULL = YES;
				CLANG_ANALYZER_NUMBER_OBJECT_CONVERSION = YES_AGGRESSIVE;
				CLANG_CXX_LANGUAGE_STANDARD = "gnu++17";
				CLANG_CXX_LIBRARY = "libc++";
				CLANG_ENABLE_MODULES = YES;
				CLANG_ENABLE_OBJC_ARC = YES;
				CLANG_ENABLE_OBJC_WEAK = YES;
				CLANG_WARN_BLOCK_CAPTURE_AUTORELEASING = YES;
				CLANG_WARN_BOOL_CONVERSION = YES;
				CLANG_WARN_COMMA = YES;
				CLANG_WARN_CONSTANT_CONVERSION = YES;
				CLANG_WARN_DEPRECATED_OBJC_IMPLEMENTATIONS = YES;
				CLANG_WARN_DIRECT_OBJC_ISA_USAGE = YES_ERROR;
				CLANG_WARN_DOCUMENTATION_COMMENTS = YES;
				CLANG_WARN_EMPTY_BODY = YES;
				CLANG_WARN_ENUM_CONVERSION = YES;
				CLANG_WARN_INFINITE_RECURSION = YES;
				CLANG_WARN_INT_CONVERSION = YES;
				CLANG_WARN_NON_LITERAL_NULL_CONVERSION = YES;
				CLANG_WARN_OBJC_IMPLICIT_RETAIN_SELF = YES;
				CLANG_WARN_OBJC_LITERAL_CONVERSION = YES;
				CLANG_WARN_OBJC_ROOT_CLASS = YES_ERROR;
				CLANG_WARN_QUOTED_INCLUDE_IN_FRAMEWORK_HEADER = YES;
				CLANG_WARN_RANGE_LOOP_ANALYSIS = YES;
				CLANG_WARN_STRICT_PROTOTYPES = YES;
				CLANG_WARN_SUSPICIOUS_MOVE = YES;
				CLANG_WARN_UNGUARDED_AVAILABILITY = YES_AGGRESSIVE;
				CLANG_WARN_UNREACHABLE_CODE = YES;
				CLANG_WARN__DUPLICATE_METHOD_MATCH = YES;
				COPY_PHASE_STRIP = NO;
				DEBUG_INFORMATION_FORMAT = "dwarf-with-dsym";
				ENABLE_NS_ASSERTIONS = NO;
				ENABLE_STRICT_OBJC_MSGSEND = YES;
				GCC_C_LANGUAGE_STANDARD = gnu11;
				GCC_NO_COMMON_BLOCKS = YES;
				GCC_WARN_64_TO_32_BIT_CONVERSION = YES;
				GCC_WARN_ABOUT_RETURN_TYPE = YES_ERROR;
				GCC_WARN_UNDECLARED_SELECTOR = YES;
				GCC_WARN_UNINITIALIZED_AUTOS = YES_AGGRESSIVE;
				GCC_WARN_UNUSED_FUNCTION = YES;
				GCC_WARN_UNUSED_VARIABLE = YES;
				IPHONEOS_DEPLOYMENT_TARGET = 15.2;
				MTL_ENABLE_DEBUG_INFO = NO;
				MTL_FAST_MATH = YES;
				SDKROOT = iphoneos;
				SWIFT_COMPILATION_MODE = wholemodule;
				SWIFT_OPTIMIZATION_LEVEL = "-O";
				VALIDATE_PRODUCT = YES;
			};
			name = Release;
		};
		F0E28F902798FFBE00F6DBEF /* Debug */ = {
			isa = XCBuildConfiguration;
			baseConfigurationReference = FF20519FB9853C921FF22CF4 /* Pods-SpotifyApp.debug.xcconfig */;
			buildSettings = {
				ASSETCATALOG_COMPILER_APPICON_NAME = AppIcon;
				ASSETCATALOG_COMPILER_GLOBAL_ACCENT_COLOR_NAME = AccentColor;
				CODE_SIGN_STYLE = Automatic;
				CURRENT_PROJECT_VERSION = 1;
				DEVELOPMENT_TEAM = F8MG8SY6C5;
				GENERATE_INFOPLIST_FILE = YES;
				INFOPLIST_FILE = SpotifyApp/Info.plist;
				INFOPLIST_KEY_UIApplicationSupportsIndirectInputEvents = YES;
				INFOPLIST_KEY_UILaunchStoryboardName = LaunchScreen;
				INFOPLIST_KEY_UIMainStoryboardFile = LaunchScreen;
				INFOPLIST_KEY_UISupportedInterfaceOrientations_iPad = "UIInterfaceOrientationPortrait UIInterfaceOrientationPortraitUpsideDown UIInterfaceOrientationLandscapeLeft UIInterfaceOrientationLandscapeRight";
				INFOPLIST_KEY_UISupportedInterfaceOrientations_iPhone = "UIInterfaceOrientationPortrait UIInterfaceOrientationLandscapeLeft UIInterfaceOrientationLandscapeRight";
				LD_RUNPATH_SEARCH_PATHS = (
					"$(inherited)",
					"@executable_path/Frameworks",
				);
				MARKETING_VERSION = 1.0;
				PRODUCT_BUNDLE_IDENTIFIER = com.desmondwong.SpotifyApp;
				PRODUCT_NAME = "$(TARGET_NAME)";
				SWIFT_EMIT_LOC_STRINGS = YES;
				SWIFT_VERSION = 5.0;
				TARGETED_DEVICE_FAMILY = "1,2";
			};
			name = Debug;
		};
		F0E28F912798FFBE00F6DBEF /* Release */ = {
			isa = XCBuildConfiguration;
			baseConfigurationReference = DFCA5861363C87FCDD74591A /* Pods-SpotifyApp.release.xcconfig */;
			buildSettings = {
				ASSETCATALOG_COMPILER_APPICON_NAME = AppIcon;
				ASSETCATALOG_COMPILER_GLOBAL_ACCENT_COLOR_NAME = AccentColor;
				CODE_SIGN_STYLE = Automatic;
				CURRENT_PROJECT_VERSION = 1;
				DEVELOPMENT_TEAM = F8MG8SY6C5;
				GENERATE_INFOPLIST_FILE = YES;
				INFOPLIST_FILE = SpotifyApp/Info.plist;
				INFOPLIST_KEY_UIApplicationSupportsIndirectInputEvents = YES;
				INFOPLIST_KEY_UILaunchStoryboardName = LaunchScreen;
				INFOPLIST_KEY_UIMainStoryboardFile = LaunchScreen;
				INFOPLIST_KEY_UISupportedInterfaceOrientations_iPad = "UIInterfaceOrientationPortrait UIInterfaceOrientationPortraitUpsideDown UIInterfaceOrientationLandscapeLeft UIInterfaceOrientationLandscapeRight";
				INFOPLIST_KEY_UISupportedInterfaceOrientations_iPhone = "UIInterfaceOrientationPortrait UIInterfaceOrientationLandscapeLeft UIInterfaceOrientationLandscapeRight";
				LD_RUNPATH_SEARCH_PATHS = (
					"$(inherited)",
					"@executable_path/Frameworks",
				);
				MARKETING_VERSION = 1.0;
				PRODUCT_BUNDLE_IDENTIFIER = com.desmondwong.SpotifyApp;
				PRODUCT_NAME = "$(TARGET_NAME)";
				SWIFT_EMIT_LOC_STRINGS = YES;
				SWIFT_VERSION = 5.0;
				TARGETED_DEVICE_FAMILY = "1,2";
			};
			name = Release;
		};
		F0E28F932798FFBE00F6DBEF /* Debug */ = {
			isa = XCBuildConfiguration;
			baseConfigurationReference = CB3352BC2E5FE948B4EE8872 /* Pods-SpotifyAppTests.debug.xcconfig */;
			buildSettings = {
				ALWAYS_EMBED_SWIFT_STANDARD_LIBRARIES = YES;
				BUNDLE_LOADER = "$(TEST_HOST)";
				CODE_SIGN_STYLE = Automatic;
				CURRENT_PROJECT_VERSION = 1;
				DEVELOPMENT_TEAM = F8MG8SY6C5;
				GENERATE_INFOPLIST_FILE = YES;
				IPHONEOS_DEPLOYMENT_TARGET = 15.2;
				MARKETING_VERSION = 1.0;
				PRODUCT_BUNDLE_IDENTIFIER = com.desmondwong.SpotifyAppTests;
				PRODUCT_NAME = "$(TARGET_NAME)";
				SWIFT_EMIT_LOC_STRINGS = NO;
				SWIFT_VERSION = 5.0;
				TARGETED_DEVICE_FAMILY = "1,2";
				TEST_HOST = "$(BUILT_PRODUCTS_DIR)/SpotifyApp.app/SpotifyApp";
			};
			name = Debug;
		};
		F0E28F942798FFBE00F6DBEF /* Release */ = {
			isa = XCBuildConfiguration;
			baseConfigurationReference = 7F8746EE1C5BB1F0D0575715 /* Pods-SpotifyAppTests.release.xcconfig */;
			buildSettings = {
				ALWAYS_EMBED_SWIFT_STANDARD_LIBRARIES = YES;
				BUNDLE_LOADER = "$(TEST_HOST)";
				CODE_SIGN_STYLE = Automatic;
				CURRENT_PROJECT_VERSION = 1;
				DEVELOPMENT_TEAM = F8MG8SY6C5;
				GENERATE_INFOPLIST_FILE = YES;
				IPHONEOS_DEPLOYMENT_TARGET = 15.2;
				MARKETING_VERSION = 1.0;
				PRODUCT_BUNDLE_IDENTIFIER = com.desmondwong.SpotifyAppTests;
				PRODUCT_NAME = "$(TARGET_NAME)";
				SWIFT_EMIT_LOC_STRINGS = NO;
				SWIFT_VERSION = 5.0;
				TARGETED_DEVICE_FAMILY = "1,2";
				TEST_HOST = "$(BUILT_PRODUCTS_DIR)/SpotifyApp.app/SpotifyApp";
			};
			name = Release;
		};
		F0E28F962798FFBE00F6DBEF /* Debug */ = {
			isa = XCBuildConfiguration;
			baseConfigurationReference = 691DCD0137C95DDB9C00EE20 /* Pods-SpotifyApp-SpotifyAppUITests.debug.xcconfig */;
			buildSettings = {
				ALWAYS_EMBED_SWIFT_STANDARD_LIBRARIES = YES;
				CODE_SIGN_STYLE = Automatic;
				CURRENT_PROJECT_VERSION = 1;
				DEVELOPMENT_TEAM = F8MG8SY6C5;
				GENERATE_INFOPLIST_FILE = YES;
				MARKETING_VERSION = 1.0;
				PRODUCT_BUNDLE_IDENTIFIER = com.desmondwong.SpotifyAppUITests;
				PRODUCT_NAME = "$(TARGET_NAME)";
				SWIFT_EMIT_LOC_STRINGS = NO;
				SWIFT_VERSION = 5.0;
				TARGETED_DEVICE_FAMILY = "1,2";
				TEST_TARGET_NAME = SpotifyApp;
			};
			name = Debug;
		};
		F0E28F972798FFBE00F6DBEF /* Release */ = {
			isa = XCBuildConfiguration;
			baseConfigurationReference = 35DCECFDC62853423976440D /* Pods-SpotifyApp-SpotifyAppUITests.release.xcconfig */;
			buildSettings = {
				ALWAYS_EMBED_SWIFT_STANDARD_LIBRARIES = YES;
				CODE_SIGN_STYLE = Automatic;
				CURRENT_PROJECT_VERSION = 1;
				DEVELOPMENT_TEAM = F8MG8SY6C5;
				GENERATE_INFOPLIST_FILE = YES;
				MARKETING_VERSION = 1.0;
				PRODUCT_BUNDLE_IDENTIFIER = com.desmondwong.SpotifyAppUITests;
				PRODUCT_NAME = "$(TARGET_NAME)";
				SWIFT_EMIT_LOC_STRINGS = NO;
				SWIFT_VERSION = 5.0;
				TARGETED_DEVICE_FAMILY = "1,2";
				TEST_TARGET_NAME = SpotifyApp;
			};
			name = Release;
		};
/* End XCBuildConfiguration section */

/* Begin XCConfigurationList section */
		F0E28F602798FFBC00F6DBEF /* Build configuration list for PBXProject "SpotifyApp" */ = {
			isa = XCConfigurationList;
			buildConfigurations = (
				F0E28F8D2798FFBE00F6DBEF /* Debug */,
				F0E28F8E2798FFBE00F6DBEF /* Release */,
			);
			defaultConfigurationIsVisible = 0;
			defaultConfigurationName = Release;
		};
		F0E28F8F2798FFBE00F6DBEF /* Build configuration list for PBXNativeTarget "SpotifyApp" */ = {
			isa = XCConfigurationList;
			buildConfigurations = (
				F0E28F902798FFBE00F6DBEF /* Debug */,
				F0E28F912798FFBE00F6DBEF /* Release */,
			);
			defaultConfigurationIsVisible = 0;
			defaultConfigurationName = Release;
		};
		F0E28F922798FFBE00F6DBEF /* Build configuration list for PBXNativeTarget "SpotifyAppTests" */ = {
			isa = XCConfigurationList;
			buildConfigurations = (
				F0E28F932798FFBE00F6DBEF /* Debug */,
				F0E28F942798FFBE00F6DBEF /* Release */,
			);
			defaultConfigurationIsVisible = 0;
			defaultConfigurationName = Release;
		};
		F0E28F952798FFBE00F6DBEF /* Build configuration list for PBXNativeTarget "SpotifyAppUITests" */ = {
			isa = XCConfigurationList;
			buildConfigurations = (
				F0E28F962798FFBE00F6DBEF /* Debug */,
				F0E28F972798FFBE00F6DBEF /* Release */,
			);
			defaultConfigurationIsVisible = 0;
			defaultConfigurationName = Release;
		};
/* End XCConfigurationList section */
	};
	rootObject = F0E28F5D2798FFBC00F6DBEF /* Project object */;
}
